
Microsoft Visual Studio Solution File, Format Version 12.00
# Visual Studio Version 17
VisualStudioVersion = 17.11.35208.52
MinimumVisualStudioVersion = 10.0.40219.1
Project("{FAE04EC0-301F-11D3-BF4B-00C04F79EFBC}") = "Calculator", "Calculator\Calculator.csproj", "{E327CCD2-2312-4E12-BB8B-686137E03EC7}"
EndProject
Global
	GlobalSection(SolutionConfigurationPlatforms) = preSolution
		Debug|Any CPU = Debug|Any CPU
		Release|Any CPU = Release|Any CPU
	EndGlobalSection
	GlobalSection(ProjectConfigurationPlatforms) = postSolution
		{E327CCD2-2312-4E12-BB8B-686137E03EC7}.Debug|Any CPU.ActiveCfg = Debug|Any CPU
		{E327CCD2-2312-4E12-BB8B-686137E03EC7}.Debug|Any CPU.Build.0 = Debug|Any CPU
		{E327CCD2-2312-4E12-BB8B-686137E03EC7}.Release|Any CPU.ActiveCfg = Release|Any CPU
		{E327CCD2-2312-4E12-BB8B-686137E03EC7}.Release|Any CPU.Build.0 = Release|Any CPU
	EndGlobalSection
	GlobalSection(SolutionProperties) = preSolution
		HideSolutionNode = FALSE
	EndGlobalSection
	GlobalSection(ExtensibilityGlobals) = postSolution
		SolutionGuid = {259D10CE-0433-4EA4-ABD2-2E0F6F2F7F11}
	EndGlobalSection
EndGlobal
